schema: '2.0'
stages:
  prepare:
    cmd: python src/prepare.py
    deps:
    - path: src/prepare.py
      hash: md5
      md5: 37b8a512650f5607fb63234f8b0b7080
      size: 598
    outs:
    - path: data/raw
      hash: md5
      md5: 21ace1ae2f43c1b6835ac92311a9e0df.dir
      size: 30869903
      nfiles: 2
  preprocess:
    cmd: python src/preprocess.py
    deps:
    - path: data/raw
      hash: md5
      md5: 21ace1ae2f43c1b6835ac92311a9e0df.dir
      size: 30869903
      nfiles: 2
    - path: src/preprocess.py
      hash: md5
      md5: ca1fa56b708abaa774c1f8bf44cce7b0
      size: 1629
    params:
      params.yaml:
        preprocess.normalization: standard
        preprocess.seed: 42
        preprocess.val_size: 0.1
    outs:
    - path: data/processed
      hash: md5
      md5: 206ea247444d5a3e1c4a8fdb6ac9577f.dir
      size: 44928501
      nfiles: 3
  train:
    cmd: python src/train.py
    deps:
    - path: data/processed
      hash: md5
      md5: 206ea247444d5a3e1c4a8fdb6ac9577f.dir
      size: 44928501
      nfiles: 3
    - path: src/train.py
      hash: md5
      md5: 13c6985b5083238da1a4c18a2ddefa18
      size: 1754
    params:
      params.yaml:
        train.batch_size: 64
        train.dense_units: 256
        train.dropout_rate: 0.2
        train.epochs: 10
        train.learning_rate: 0.001
        train.seed: 42
    outs:
    - path: models
      hash: md5
      md5: e16880872d1ad85ff7fb1174349148dd.dir
      size: 2467255
      nfiles: 2
  evaluate:
    cmd: python src/evaluate.py
    deps:
    - path: data/processed
      hash: md5
      md5: 206ea247444d5a3e1c4a8fdb6ac9577f.dir
      size: 44928501
      nfiles: 3
    - path: models
      hash: md5
      md5: e16880872d1ad85ff7fb1174349148dd.dir
      size: 2467255
      nfiles: 2
    - path: src/evaluate.py
      hash: md5
      md5: 283b873ac1839e239d9993bbe9f95d03
      size: 1248
    outs:
    - path: confusion_matrix.png
      hash: md5
      md5: d868d3401add09599c57af7c5294b8b4
      size: 81831
    - path: metrics.json
      hash: md5
      md5: d1e8d7b83a12832dc2ec59044ed98249
      size: 55
